// !$*UTF8*$!
{
	archiveVersion = 1;
	classes = {
	};
	objectVersion = 56;
	objects = {

/* Begin PBXBuildFile section */
		F52146D32A0D4F5A007A02DA /* NewWorkoutView.swift in Sources */ = {isa = PBXBuildFile; fileRef = F52146D22A0D4F5A007A02DA /* NewWorkoutView.swift */; };
		F5538DE72A04137E0094B1C5 /* ExerciseButton.swift in Sources */ = {isa = PBXBuildFile; fileRef = F5538DE62A04137E0094B1C5 /* ExerciseButton.swift */; };
		F5538DEC2A041A2C0094B1C5 /* Workout+CoreDataClass.swift in Sources */ = {isa = PBXBuildFile; fileRef = F5538DEA2A041A2C0094B1C5 /* Workout+CoreDataClass.swift */; };
		F5538DED2A041A2C0094B1C5 /* Workout+CoreDataProperties.swift in Sources */ = {isa = PBXBuildFile; fileRef = F5538DEB2A041A2C0094B1C5 /* Workout+CoreDataProperties.swift */; };
		F55E313029FA7E430039FDEB /* WorkoutView.swift in Sources */ = {isa = PBXBuildFile; fileRef = F55E312F29FA7E430039FDEB /* WorkoutView.swift */; };
		F59B55C22A02D1AB00D3DDCF /* CategoryButtonView.swift in Sources */ = {isa = PBXBuildFile; fileRef = F59B55C12A02D1AB00D3DDCF /* CategoryButtonView.swift */; };
		F5AA9A8529EB25EA00A26095 /* ProgressCardView.swift in Sources */ = {isa = PBXBuildFile; fileRef = F5AA9A8429EB25EA00A26095 /* ProgressCardView.swift */; };
		F5CE65BF2A07A5DA005C43AE /* ExerciseListView.swift in Sources */ = {isa = PBXBuildFile; fileRef = F5CE65BE2A07A5DA005C43AE /* ExerciseListView.swift */; };
		F5CE65C12A07A811005C43AE /* ExerciseCategoryRowView.swift in Sources */ = {isa = PBXBuildFile; fileRef = F5CE65C02A07A811005C43AE /* ExerciseCategoryRowView.swift */; };
		F5CE65C32A07B207005C43AE /* ExerciseCategoryListView.swift in Sources */ = {isa = PBXBuildFile; fileRef = F5CE65C22A07B207005C43AE /* ExerciseCategoryListView.swift */; };
		F5D1B98B2A0FAB4100CD44B3 /* NewProgressView.swift in Sources */ = {isa = PBXBuildFile; fileRef = F5D1B98A2A0FAB4100CD44B3 /* NewProgressView.swift */; };
		F5D1B98D2A0FAC2F00CD44B3 /* TextFieldView.swift in Sources */ = {isa = PBXBuildFile; fileRef = F5D1B98C2A0FAC2F00CD44B3 /* TextFieldView.swift */; };
		F5D1B98F2A0FAD3A00CD44B3 /* ButtonLabelView.swift in Sources */ = {isa = PBXBuildFile; fileRef = F5D1B98E2A0FAD3A00CD44B3 /* ButtonLabelView.swift */; };
		F5DBCB312A018D3B00C7C0DA /* ExerciseViewModel.swift in Sources */ = {isa = PBXBuildFile; fileRef = F5DBCB302A018D3B00C7C0DA /* ExerciseViewModel.swift */; };
		F5DBCB332A01902F00C7C0DA /* EmptyView.swift in Sources */ = {isa = PBXBuildFile; fileRef = F5DBCB322A01902F00C7C0DA /* EmptyView.swift */; };
		F5DCACA829E091070006E5C1 /* GymBuddyApp.swift in Sources */ = {isa = PBXBuildFile; fileRef = F5DCACA729E091070006E5C1 /* GymBuddyApp.swift */; };
		F5DCACAC29E091080006E5C1 /* Assets.xcassets in Resources */ = {isa = PBXBuildFile; fileRef = F5DCACAB29E091080006E5C1 /* Assets.xcassets */; };
		F5DCACAF29E091080006E5C1 /* Preview Assets.xcassets in Resources */ = {isa = PBXBuildFile; fileRef = F5DCACAE29E091080006E5C1 /* Preview Assets.xcassets */; };
		F5DCACB929E091790006E5C1 /* OnboardingView.swift in Sources */ = {isa = PBXBuildFile; fileRef = F5DCACB829E091790006E5C1 /* OnboardingView.swift */; };
		F5DCACBE29E092EA0006E5C1 /* ProgressDashboardView.swift in Sources */ = {isa = PBXBuildFile; fileRef = F5DCACBD29E092EA0006E5C1 /* ProgressDashboardView.swift */; };
		F5DCACC229E093100006E5C1 /* WorkoutsView.swift in Sources */ = {isa = PBXBuildFile; fileRef = F5DCACC129E093100006E5C1 /* WorkoutsView.swift */; };
		F5DCACC429E094C60006E5C1 /* Exercise.swift in Sources */ = {isa = PBXBuildFile; fileRef = F5DCACC329E094C60006E5C1 /* Exercise.swift */; };
		F5DCACC829E095D40006E5C1 /* ExerciseDetailView.swift in Sources */ = {isa = PBXBuildFile; fileRef = F5DCACC729E095D40006E5C1 /* ExerciseDetailView.swift */; };
		F5DCACCC29E0A8060006E5C1 /* ExerciseCardView.swift in Sources */ = {isa = PBXBuildFile; fileRef = F5DCACCB29E0A8060006E5C1 /* ExerciseCardView.swift */; };
		F5DCACCE29E0A9B20006E5C1 /* ContentView.swift in Sources */ = {isa = PBXBuildFile; fileRef = F5DCACCD29E0A9B20006E5C1 /* ContentView.swift */; };
		F5FEA13829F67E0B000F2E6C /* PageView.swift in Sources */ = {isa = PBXBuildFile; fileRef = F5FEA13729F67E0B000F2E6C /* PageView.swift */; };
		F5FEA13E29F84D98000F2E6C /* DataModel.xcdatamodeld in Sources */ = {isa = PBXBuildFile; fileRef = F5FEA13C29F84D98000F2E6C /* DataModel.xcdatamodeld */; };
		F5FEA14029F84E0F000F2E6C /* DataController.swift in Sources */ = {isa = PBXBuildFile; fileRef = F5FEA13F29F84E0F000F2E6C /* DataController.swift */; };
/* End PBXBuildFile section */

/* Begin PBXFileReference section */
		F52146D22A0D4F5A007A02DA /* NewWorkoutView.swift */ = {isa = PBXFileReference; lastKnownFileType = sourcecode.swift; path = NewWorkoutView.swift; sourceTree = "<group>"; };
		F5538DE62A04137E0094B1C5 /* ExerciseButton.swift */ = {isa = PBXFileReference; lastKnownFileType = sourcecode.swift; path = ExerciseButton.swift; sourceTree = "<group>"; };
		F5538DEA2A041A2C0094B1C5 /* Workout+CoreDataClass.swift */ = {isa = PBXFileReference; lastKnownFileType = sourcecode.swift; path = "Workout+CoreDataClass.swift"; sourceTree = "<group>"; };
		F5538DEB2A041A2C0094B1C5 /* Workout+CoreDataProperties.swift */ = {isa = PBXFileReference; lastKnownFileType = sourcecode.swift; path = "Workout+CoreDataProperties.swift"; sourceTree = "<group>"; };
		F55E312F29FA7E430039FDEB /* WorkoutView.swift */ = {isa = PBXFileReference; lastKnownFileType = sourcecode.swift; path = WorkoutView.swift; sourceTree = "<group>"; };
		F59B55C12A02D1AB00D3DDCF /* CategoryButtonView.swift */ = {isa = PBXFileReference; lastKnownFileType = sourcecode.swift; path = CategoryButtonView.swift; sourceTree = "<group>"; };
		F5AA9A8429EB25EA00A26095 /* ProgressCardView.swift */ = {isa = PBXFileReference; lastKnownFileType = sourcecode.swift; path = ProgressCardView.swift; sourceTree = "<group>"; };
		F5CE65BE2A07A5DA005C43AE /* ExerciseListView.swift */ = {isa = PBXFileReference; lastKnownFileType = sourcecode.swift; path = ExerciseListView.swift; sourceTree = "<group>"; };
		F5CE65C02A07A811005C43AE /* ExerciseCategoryRowView.swift */ = {isa = PBXFileReference; lastKnownFileType = sourcecode.swift; path = ExerciseCategoryRowView.swift; sourceTree = "<group>"; };
		F5CE65C22A07B207005C43AE /* ExerciseCategoryListView.swift */ = {isa = PBXFileReference; lastKnownFileType = sourcecode.swift; path = ExerciseCategoryListView.swift; sourceTree = "<group>"; };
		F5D1B98A2A0FAB4100CD44B3 /* NewProgressView.swift */ = {isa = PBXFileReference; lastKnownFileType = sourcecode.swift; path = NewProgressView.swift; sourceTree = "<group>"; };
		F5D1B98C2A0FAC2F00CD44B3 /* TextFieldView.swift */ = {isa = PBXFileReference; lastKnownFileType = sourcecode.swift; path = TextFieldView.swift; sourceTree = "<group>"; };
		F5D1B98E2A0FAD3A00CD44B3 /* ButtonLabelView.swift */ = {isa = PBXFileReference; lastKnownFileType = sourcecode.swift; path = ButtonLabelView.swift; sourceTree = "<group>"; };
		F5DBCB302A018D3B00C7C0DA /* ExerciseViewModel.swift */ = {isa = PBXFileReference; lastKnownFileType = sourcecode.swift; path = ExerciseViewModel.swift; sourceTree = "<group>"; };
		F5DBCB322A01902F00C7C0DA /* EmptyView.swift */ = {isa = PBXFileReference; lastKnownFileType = sourcecode.swift; path = EmptyView.swift; sourceTree = "<group>"; };
		F5DCACA429E091070006E5C1 /* GymBuddy.app */ = {isa = PBXFileReference; explicitFileType = wrapper.application; includeInIndex = 0; path = GymBuddy.app; sourceTree = BUILT_PRODUCTS_DIR; };
		F5DCACA729E091070006E5C1 /* GymBuddyApp.swift */ = {isa = PBXFileReference; lastKnownFileType = sourcecode.swift; path = GymBuddyApp.swift; sourceTree = "<group>"; };
		F5DCACAB29E091080006E5C1 /* Assets.xcassets */ = {isa = PBXFileReference; lastKnownFileType = folder.assetcatalog; path = Assets.xcassets; sourceTree = "<group>"; };
		F5DCACAE29E091080006E5C1 /* Preview Assets.xcassets */ = {isa = PBXFileReference; lastKnownFileType = folder.assetcatalog; path = "Preview Assets.xcassets"; sourceTree = "<group>"; };
		F5DCACB829E091790006E5C1 /* OnboardingView.swift */ = {isa = PBXFileReference; lastKnownFileType = sourcecode.swift; path = OnboardingView.swift; sourceTree = "<group>"; };
		F5DCACBD29E092EA0006E5C1 /* ProgressDashboardView.swift */ = {isa = PBXFileReference; lastKnownFileType = sourcecode.swift; path = ProgressDashboardView.swift; sourceTree = "<group>"; };
		F5DCACC129E093100006E5C1 /* WorkoutsView.swift */ = {isa = PBXFileReference; lastKnownFileType = sourcecode.swift; path = WorkoutsView.swift; sourceTree = "<group>"; };
		F5DCACC329E094C60006E5C1 /* Exercise.swift */ = {isa = PBXFileReference; lastKnownFileType = sourcecode.swift; path = Exercise.swift; sourceTree = "<group>"; };
		F5DCACC729E095D40006E5C1 /* ExerciseDetailView.swift */ = {isa = PBXFileReference; lastKnownFileType = sourcecode.swift; path = ExerciseDetailView.swift; sourceTree = "<group>"; };
		F5DCACCB29E0A8060006E5C1 /* ExerciseCardView.swift */ = {isa = PBXFileReference; lastKnownFileType = sourcecode.swift; path = ExerciseCardView.swift; sourceTree = "<group>"; };
		F5DCACCD29E0A9B20006E5C1 /* ContentView.swift */ = {isa = PBXFileReference; lastKnownFileType = sourcecode.swift; path = ContentView.swift; sourceTree = "<group>"; };
		F5FEA13729F67E0B000F2E6C /* PageView.swift */ = {isa = PBXFileReference; lastKnownFileType = sourcecode.swift; path = PageView.swift; sourceTree = "<group>"; };
		F5FEA13D29F84D98000F2E6C /* DataModel.xcdatamodel */ = {isa = PBXFileReference; lastKnownFileType = wrapper.xcdatamodel; path = DataModel.xcdatamodel; sourceTree = "<group>"; };
		F5FEA13F29F84E0F000F2E6C /* DataController.swift */ = {isa = PBXFileReference; lastKnownFileType = sourcecode.swift; path = DataController.swift; sourceTree = "<group>"; };
/* End PBXFileReference section */

/* Begin PBXFrameworksBuildPhase section */
		F5DCACA129E091070006E5C1 /* Frameworks */ = {
			isa = PBXFrameworksBuildPhase;
			buildActionMask = 2147483647;
			files = (
			);
			runOnlyForDeploymentPostprocessing = 0;
		};
/* End PBXFrameworksBuildPhase section */

/* Begin PBXGroup section */
		F5DBCB2F2A018D2800C7C0DA /* ViewModel */ = {
			isa = PBXGroup;
			children = (
				F5DBCB302A018D3B00C7C0DA /* ExerciseViewModel.swift */,
			);
			path = ViewModel;
			sourceTree = "<group>";
		};
		F5DCAC9B29E091070006E5C1 = {
			isa = PBXGroup;
			children = (
				F5DCACA629E091070006E5C1 /* GymBuddy */,
				F5DCACA529E091070006E5C1 /* Products */,
			);
			sourceTree = "<group>";
		};
		F5DCACA529E091070006E5C1 /* Products */ = {
			isa = PBXGroup;
			children = (
				F5DCACA429E091070006E5C1 /* GymBuddy.app */,
			);
			name = Products;
			sourceTree = "<group>";
		};
		F5DCACA629E091070006E5C1 /* GymBuddy */ = {
			isa = PBXGroup;
			children = (
				F5DBCB2F2A018D2800C7C0DA /* ViewModel */,
				F5FEA13929F68666000F2E6C /* Data */,
				F5DCACB729E091260006E5C1 /* Model */,
				F5DCACB629E0911F0006E5C1 /* View */,
				F5DCACB529E091120006E5C1 /* App */,
				F5DCACA729E091070006E5C1 /* GymBuddyApp.swift */,
				F5DCACAB29E091080006E5C1 /* Assets.xcassets */,
				F5DCACAD29E091080006E5C1 /* Preview Content */,
			);
			path = GymBuddy;
			sourceTree = "<group>";
		};
		F5DCACAD29E091080006E5C1 /* Preview Content */ = {
			isa = PBXGroup;
			children = (
				F5DCACAE29E091080006E5C1 /* Preview Assets.xcassets */,
			);
			path = "Preview Content";
			sourceTree = "<group>";
		};
		F5DCACB529E091120006E5C1 /* App */ = {
			isa = PBXGroup;
			children = (
				F5DCACCD29E0A9B20006E5C1 /* ContentView.swift */,
				F52146D22A0D4F5A007A02DA /* NewWorkoutView.swift */,
				F5D1B98A2A0FAB4100CD44B3 /* NewProgressView.swift */,
				F5CE65BE2A07A5DA005C43AE /* ExerciseListView.swift */,
				F5DCACC129E093100006E5C1 /* WorkoutsView.swift */,
				F5DCACBD29E092EA0006E5C1 /* ProgressDashboardView.swift */,
				F5DCACB829E091790006E5C1 /* OnboardingView.swift */,
				F5CE65C22A07B207005C43AE /* ExerciseCategoryListView.swift */,
				F5DCACC729E095D40006E5C1 /* ExerciseDetailView.swift */,
			);
			path = App;
			sourceTree = "<group>";
		};
		F5DCACB629E0911F0006E5C1 /* View */ = {
			isa = PBXGroup;
			children = (
				F5AA9A8429EB25EA00A26095 /* ProgressCardView.swift */,
				F5DCACCB29E0A8060006E5C1 /* ExerciseCardView.swift */,
				F5FEA13729F67E0B000F2E6C /* PageView.swift */,
				F55E312F29FA7E430039FDEB /* WorkoutView.swift */,
				F5DBCB322A01902F00C7C0DA /* EmptyView.swift */,
				F59B55C12A02D1AB00D3DDCF /* CategoryButtonView.swift */,
				F5538DE62A04137E0094B1C5 /* ExerciseButton.swift */,
				F5CE65C02A07A811005C43AE /* ExerciseCategoryRowView.swift */,
				F5D1B98C2A0FAC2F00CD44B3 /* TextFieldView.swift */,
				F5D1B98E2A0FAD3A00CD44B3 /* ButtonLabelView.swift */,
			);
			path = View;
			sourceTree = "<group>";
		};
		F5DCACB729E091260006E5C1 /* Model */ = {
			isa = PBXGroup;
			children = (
				F5DCACC329E094C60006E5C1 /* Exercise.swift */,
			);
			path = Model;
			sourceTree = "<group>";
		};
		F5FEA13929F68666000F2E6C /* Data */ = {
			isa = PBXGroup;
			children = (
				F5FEA13C29F84D98000F2E6C /* DataModel.xcdatamodeld */,
				F5FEA13F29F84E0F000F2E6C /* DataController.swift */,
				F5538DEA2A041A2C0094B1C5 /* Workout+CoreDataClass.swift */,
				F5538DEB2A041A2C0094B1C5 /* Workout+CoreDataProperties.swift */,
			);
			path = Data;
			sourceTree = "<group>";
		};
/* End PBXGroup section */

/* Begin PBXNativeTarget section */
		F5DCACA329E091070006E5C1 /* GymBuddy */ = {
			isa = PBXNativeTarget;
			buildConfigurationList = F5DCACB229E091080006E5C1 /* Build configuration list for PBXNativeTarget "GymBuddy" */;
			buildPhases = (
				F5DCACA029E091070006E5C1 /* Sources */,
				F5DCACA129E091070006E5C1 /* Frameworks */,
				F5DCACA229E091070006E5C1 /* Resources */,
			);
			buildRules = (
			);
			dependencies = (
			);
			name = GymBuddy;
			productName = GymBuddy;
			productReference = F5DCACA429E091070006E5C1 /* GymBuddy.app */;
			productType = "com.apple.product-type.application";
		};
/* End PBXNativeTarget section */

/* Begin PBXProject section */
		F5DCAC9C29E091070006E5C1 /* Project object */ = {
			isa = PBXProject;
			attributes = {
				BuildIndependentTargetsInParallel = 1;
				LastSwiftUpdateCheck = 1430;
				LastUpgradeCheck = 1430;
				TargetAttributes = {
					F5DCACA329E091070006E5C1 = {
						CreatedOnToolsVersion = 14.3;
					};
				};
			};
			buildConfigurationList = F5DCAC9F29E091070006E5C1 /* Build configuration list for PBXProject "GymBuddy" */;
			compatibilityVersion = "Xcode 14.0";
			developmentRegion = en;
			hasScannedForEncodings = 0;
			knownRegions = (
				en,
				Base,
			);
			mainGroup = F5DCAC9B29E091070006E5C1;
			productRefGroup = F5DCACA529E091070006E5C1 /* Products */;
			projectDirPath = "";
			projectRoot = "";
			targets = (
				F5DCACA329E091070006E5C1 /* GymBuddy */,
			);
		};
/* End PBXProject section */

/* Begin PBXResourcesBuildPhase section */
		F5DCACA229E091070006E5C1 /* Resources */ = {
			isa = PBXResourcesBuildPhase;
			buildActionMask = 2147483647;
			files = (
				F5DCACAF29E091080006E5C1 /* Preview Assets.xcassets in Resources */,
				F5DCACAC29E091080006E5C1 /* Assets.xcassets in Resources */,
			);
			runOnlyForDeploymentPostprocessing = 0;
		};
/* End PBXResourcesBuildPhase section */

/* Begin PBXSourcesBuildPhase section */
		F5DCACA029E091070006E5C1 /* Sources */ = {
			isa = PBXSourcesBuildPhase;
			buildActionMask = 2147483647;
			files = (
				F55E313029FA7E430039FDEB /* WorkoutView.swift in Sources */,
				F5538DEC2A041A2C0094B1C5 /* Workout+CoreDataClass.swift in Sources */,
				F5538DE72A04137E0094B1C5 /* ExerciseButton.swift in Sources */,
				F5DCACCE29E0A9B20006E5C1 /* ContentView.swift in Sources */,
				F5DCACC829E095D40006E5C1 /* ExerciseDetailView.swift in Sources */,
				F5DBCB332A01902F00C7C0DA /* EmptyView.swift in Sources */,
				F5D1B98B2A0FAB4100CD44B3 /* NewProgressView.swift in Sources */,
				F5FEA13E29F84D98000F2E6C /* DataModel.xcdatamodeld in Sources */,
				F59B55C22A02D1AB00D3DDCF /* CategoryButtonView.swift in Sources */,
				F5AA9A8529EB25EA00A26095 /* ProgressCardView.swift in Sources */,
				F5DBCB312A018D3B00C7C0DA /* ExerciseViewModel.swift in Sources */,
				F5DCACC429E094C60006E5C1 /* Exercise.swift in Sources */,
				F5DCACB929E091790006E5C1 /* OnboardingView.swift in Sources */,
				F5DCACBE29E092EA0006E5C1 /* ProgressDashboardView.swift in Sources */,
				F5FEA13829F67E0B000F2E6C /* PageView.swift in Sources */,
				F5D1B98D2A0FAC2F00CD44B3 /* TextFieldView.swift in Sources */,
				F52146D32A0D4F5A007A02DA /* NewWorkoutView.swift in Sources */,
				F5CE65C12A07A811005C43AE /* ExerciseCategoryRowView.swift in Sources */,
				F5FEA14029F84E0F000F2E6C /* DataController.swift in Sources */,
				F5CE65BF2A07A5DA005C43AE /* ExerciseListView.swift in Sources */,
				F5DCACCC29E0A8060006E5C1 /* ExerciseCardView.swift in Sources */,
				F5CE65C32A07B207005C43AE /* ExerciseCategoryListView.swift in Sources */,
				F5538DED2A041A2C0094B1C5 /* Workout+CoreDataProperties.swift in Sources */,
				F5D1B98F2A0FAD3A00CD44B3 /* ButtonLabelView.swift in Sources */,
				F5DCACC229E093100006E5C1 /* WorkoutsView.swift in Sources */,
				F5DCACA829E091070006E5C1 /* GymBuddyApp.swift in Sources */,
			);
			runOnlyForDeploymentPostprocessing = 0;
		};
/* End PBXSourcesBuildPhase section */

/* Begin XCBuildConfiguration section */
		F5DCACB029E091080006E5C1 /* Debug */ = {
			isa = XCBuildConfiguration;
			buildSettings = {
				ALWAYS_SEARCH_USER_PATHS = NO;
				CLANG_ANALYZER_NONNULL = YES;
				CLANG_ANALYZER_NUMBER_OBJECT_CONVERSION = YES_AGGRESSIVE;
				CLANG_CXX_LANGUAGE_STANDARD = "gnu++20";
				CLANG_ENABLE_MODULES = YES;
				CLANG_ENABLE_OBJC_ARC = YES;
				CLANG_ENABLE_OBJC_WEAK = YES;
				CLANG_WARN_BLOCK_CAPTURE_AUTORELEASING = YES;
				CLANG_WARN_BOOL_CONVERSION = YES;
				CLANG_WARN_COMMA = YES;
				CLANG_WARN_CONSTANT_CONVERSION = YES;
				CLANG_WARN_DEPRECATED_OBJC_IMPLEMENTATIONS = YES;
				CLANG_WARN_DIRECT_OBJC_ISA_USAGE = YES_ERROR;
				CLANG_WARN_DOCUMENTATION_COMMENTS = YES;
				CLANG_WARN_EMPTY_BODY = YES;
				CLANG_WARN_ENUM_CONVERSION = YES;
				CLANG_WARN_INFINITE_RECURSION = YES;
				CLANG_WARN_INT_CONVERSION = YES;
				CLANG_WARN_NON_LITERAL_NULL_CONVERSION = YES;
				CLANG_WARN_OBJC_IMPLICIT_RETAIN_SELF = YES;
				CLANG_WARN_OBJC_LITERAL_CONVERSION = YES;
				CLANG_WARN_OBJC_ROOT_CLASS = YES_ERROR;
				CLANG_WARN_QUOTED_INCLUDE_IN_FRAMEWORK_HEADER = YES;
				CLANG_WARN_RANGE_LOOP_ANALYSIS = YES;
				CLANG_WARN_STRICT_PROTOTYPES = YES;
				CLANG_WARN_SUSPICIOUS_MOVE = YES;
				CLANG_WARN_UNGUARDED_AVAILABILITY = YES_AGGRESSIVE;
				CLANG_WARN_UNREACHABLE_CODE = YES;
				CLANG_WARN__DUPLICATE_METHOD_MATCH = YES;
				COPY_PHASE_STRIP = NO;
				DEBUG_INFORMATION_FORMAT = dwarf;
				ENABLE_STRICT_OBJC_MSGSEND = YES;
				ENABLE_TESTABILITY = YES;
				GCC_C_LANGUAGE_STANDARD = gnu11;
				GCC_DYNAMIC_NO_PIC = NO;
				GCC_NO_COMMON_BLOCKS = YES;
				GCC_OPTIMIZATION_LEVEL = 0;
				GCC_PREPROCESSOR_DEFINITIONS = (
					"DEBUG=1",
					"$(inherited)",
				);
				GCC_WARN_64_TO_32_BIT_CONVERSION = YES;
				GCC_WARN_ABOUT_RETURN_TYPE = YES_ERROR;
				GCC_WARN_UNDECLARED_SELECTOR = YES;
				GCC_WARN_UNINITIALIZED_AUTOS = YES_AGGRESSIVE;
				GCC_WARN_UNUSED_FUNCTION = YES;
				GCC_WARN_UNUSED_VARIABLE = YES;
				IPHONEOS_DEPLOYMENT_TARGET = 16.4;
				MTL_ENABLE_DEBUG_INFO = INCLUDE_SOURCE;
				MTL_FAST_MATH = YES;
				ONLY_ACTIVE_ARCH = YES;
				SDKROOT = iphoneos;
				SWIFT_ACTIVE_COMPILATION_CONDITIONS = DEBUG;
				SWIFT_OPTIMIZATION_LEVEL = "-Onone";
			};
			name = Debug;
		};
		F5DCACB129E091080006E5C1 /* Release */ = {
			isa = XCBuildConfiguration;
			buildSettings = {
				ALWAYS_SEARCH_USER_PATHS = NO;
				CLANG_ANALYZER_NONNULL = YES;
				CLANG_ANALYZER_NUMBER_OBJECT_CONVERSION = YES_AGGRESSIVE;
				CLANG_CXX_LANGUAGE_STANDARD = "gnu++20";
				CLANG_ENABLE_MODULES = YES;
				CLANG_ENABLE_OBJC_ARC = YES;
				CLANG_ENABLE_OBJC_WEAK = YES;
				CLANG_WARN_BLOCK_CAPTURE_AUTORELEASING = YES;
				CLANG_WARN_BOOL_CONVERSION = YES;
				CLANG_WARN_COMMA = YES;
				CLANG_WARN_CONSTANT_CONVERSION = YES;
				CLANG_WARN_DEPRECATED_OBJC_IMPLEMENTATIONS = YES;
				CLANG_WARN_DIRECT_OBJC_ISA_USAGE = YES_ERROR;
				CLANG_WARN_DOCUMENTATION_COMMENTS = YES;
				CLANG_WARN_EMPTY_BODY = YES;
				CLANG_WARN_ENUM_CONVERSION = YES;
				CLANG_WARN_INFINITE_RECURSION = YES;
				CLANG_WARN_INT_CONVERSION = YES;
				CLANG_WARN_NON_LITERAL_NULL_CONVERSION = YES;
				CLANG_WARN_OBJC_IMPLICIT_RETAIN_SELF = YES;
				CLANG_WARN_OBJC_LITERAL_CONVERSION = YES;
				CLANG_WARN_OBJC_ROOT_CLASS = YES_ERROR;
				CLANG_WARN_QUOTED_INCLUDE_IN_FRAMEWORK_HEADER = YES;
				CLANG_WARN_RANGE_LOOP_ANALYSIS = YES;
				CLANG_WARN_STRICT_PROTOTYPES = YES;
				CLANG_WARN_SUSPICIOUS_MOVE = YES;
				CLANG_WARN_UNGUARDED_AVAILABILITY = YES_AGGRESSIVE;
				CLANG_WARN_UNREACHABLE_CODE = YES;
				CLANG_WARN__DUPLICATE_METHOD_MATCH = YES;
				COPY_PHASE_STRIP = NO;
				DEBUG_INFORMATION_FORMAT = "dwarf-with-dsym";
				ENABLE_NS_ASSERTIONS = NO;
				ENABLE_STRICT_OBJC_MSGSEND = YES;
				GCC_C_LANGUAGE_STANDARD = gnu11;
				GCC_NO_COMMON_BLOCKS = YES;
				GCC_WARN_64_TO_32_BIT_CONVERSION = YES;
				GCC_WARN_ABOUT_RETURN_TYPE = YES_ERROR;
				GCC_WARN_UNDECLARED_SELECTOR = YES;
				GCC_WARN_UNINITIALIZED_AUTOS = YES_AGGRESSIVE;
				GCC_WARN_UNUSED_FUNCTION = YES;
				GCC_WARN_UNUSED_VARIABLE = YES;
				IPHONEOS_DEPLOYMENT_TARGET = 16.4;
				MTL_ENABLE_DEBUG_INFO = NO;
				MTL_FAST_MATH = YES;
				SDKROOT = iphoneos;
				SWIFT_COMPILATION_MODE = wholemodule;
				SWIFT_OPTIMIZATION_LEVEL = "-O";
				VALIDATE_PRODUCT = YES;
			};
			name = Release;
		};
		F5DCACB329E091080006E5C1 /* Debug */ = {
			isa = XCBuildConfiguration;
			buildSettings = {
				ASSETCATALOG_COMPILER_APPICON_NAME = AppIcon;
				ASSETCATALOG_COMPILER_GLOBAL_ACCENT_COLOR_NAME = AccentColor;
				CODE_SIGN_STYLE = Automatic;
				CURRENT_PROJECT_VERSION = 1;
				DEVELOPMENT_ASSET_PATHS = "\"GymBuddy/Preview Content\"";
				DEVELOPMENT_TEAM = 5BDQ5WR29P;
				ENABLE_PREVIEWS = YES;
				GENERATE_INFOPLIST_FILE = YES;
				INFOPLIST_KEY_UIApplicationSceneManifest_Generation = YES;
				INFOPLIST_KEY_UIApplicationSupportsIndirectInputEvents = YES;
				INFOPLIST_KEY_UILaunchScreen_Generation = YES;
				INFOPLIST_KEY_UISupportedInterfaceOrientations_iPad = "UIInterfaceOrientationPortrait UIInterfaceOrientationPortraitUpsideDown UIInterfaceOrientationLandscapeLeft UIInterfaceOrientationLandscapeRight";
				INFOPLIST_KEY_UISupportedInterfaceOrientations_iPhone = "UIInterfaceOrientationPortrait UIInterfaceOrientationLandscapeLeft UIInterfaceOrientationLandscapeRight";
				INFOPLIST_KEY_UIUserInterfaceStyle = Dark;
				IPHONEOS_DEPLOYMENT_TARGET = 16.0;
				LD_RUNPATH_SEARCH_PATHS = (
					"$(inherited)",
					"@executable_path/Frameworks",
				);
				MARKETING_VERSION = 1.0;
				PRODUCT_BUNDLE_IDENTIFIER = com.bariscansertkaya.GymBuddy;
				PRODUCT_NAME = "$(TARGET_NAME)";
				SWIFT_EMIT_LOC_STRINGS = YES;
				SWIFT_VERSION = 5.0;
				TARGETED_DEVICE_FAMILY = "1,2";
			};
			name = Debug;
		};
		F5DCACB429E091080006E5C1 /* Release */ = {
			isa = XCBuildConfiguration;
			buildSettings = {
				ASSETCATALOG_COMPILER_APPICON_NAME = AppIcon;
				ASSETCATALOG_COMPILER_GLOBAL_ACCENT_COLOR_NAME = AccentColor;
				CODE_SIGN_STYLE = Automatic;
				CURRENT_PROJECT_VERSION = 1;
				DEVELOPMENT_ASSET_PATHS = "\"GymBuddy/Preview Content\"";
				DEVELOPMENT_TEAM = 5BDQ5WR29P;
				ENABLE_PREVIEWS = YES;
				GENERATE_INFOPLIST_FILE = YES;
				INFOPLIST_KEY_UIApplicationSceneManifest_Generation = YES;
				INFOPLIST_KEY_UIApplicationSupportsIndirectInputEvents = YES;
				INFOPLIST_KEY_UILaunchScreen_Generation = YES;
				INFOPLIST_KEY_UISupportedInterfaceOrientations_iPad = "UIInterfaceOrientationPortrait UIInterfaceOrientationPortraitUpsideDown UIInterfaceOrientationLandscapeLeft UIInterfaceOrientationLandscapeRight";
				INFOPLIST_KEY_UISupportedInterfaceOrientations_iPhone = "UIInterfaceOrientationPortrait UIInterfaceOrientationLandscapeLeft UIInterfaceOrientationLandscapeRight";
				INFOPLIST_KEY_UIUserInterfaceStyle = Dark;
				IPHONEOS_DEPLOYMENT_TARGET = 16.0;
				LD_RUNPATH_SEARCH_PATHS = (
					"$(inherited)",
					"@executable_path/Frameworks",
				);
				MARKETING_VERSION = 1.0;
				PRODUCT_BUNDLE_IDENTIFIER = com.bariscansertkaya.GymBuddy;
				PRODUCT_NAME = "$(TARGET_NAME)";
				SWIFT_EMIT_LOC_STRINGS = YES;
				SWIFT_VERSION = 5.0;
				TARGETED_DEVICE_FAMILY = "1,2";
			};
			name = Release;
		};
/* End XCBuildConfiguration section */

/* Begin XCConfigurationList section */
		F5DCAC9F29E091070006E5C1 /* Build configuration list for PBXProject "GymBuddy" */ = {
			isa = XCConfigurationList;
			buildConfigurations = (
				F5DCACB029E091080006E5C1 /* Debug */,
				F5DCACB129E091080006E5C1 /* Release */,
			);
			defaultConfigurationIsVisible = 0;
			defaultConfigurationName = Release;
		};
		F5DCACB229E091080006E5C1 /* Build configuration list for PBXNativeTarget "GymBuddy" */ = {
			isa = XCConfigurationList;
			buildConfigurations = (
				F5DCACB329E091080006E5C1 /* Debug */,
				F5DCACB429E091080006E5C1 /* Release */,
			);
			defaultConfigurationIsVisible = 0;
			defaultConfigurationName = Release;
		};
/* End XCConfigurationList section */

/* Begin XCVersionGroup section */
		F5FEA13C29F84D98000F2E6C /* DataModel.xcdatamodeld */ = {
			isa = XCVersionGroup;
			children = (
				F5FEA13D29F84D98000F2E6C /* DataModel.xcdatamodel */,
			);
			currentVersion = F5FEA13D29F84D98000F2E6C /* DataModel.xcdatamodel */;
			path = DataModel.xcdatamodeld;
			sourceTree = "<group>";
			versionGroupType = wrapper.xcdatamodel;
		};
/* End XCVersionGroup section */
	};
	rootObject = F5DCAC9C29E091070006E5C1 /* Project object */;
}
